
Microsoft Visual Studio Solution File, Format Version 12.00
# Visual Studio Version 16
VisualStudioVersion = 16.0.32002.261
MinimumVisualStudioVersion = 10.0.40219.1
Project("{2150E333-8FDC-42A3-9474-1A3956D46DE8}") = "Worker", "Worker", "{5D2278BE-6E85-4008-8DAA-83446C3A7659}"
EndProject
Project("{9A19103F-16F7-4668-BE54-9A1E7A4F7556}") = "RabbitMQWorkerConsumer", "Worker\Consumer\RabbitMQWorkerConsumer\RabbitMQWorkerConsumer.csproj", "{7EEBD5FC-20F7-4F8C-BA77-E89AE6C8571A}"
EndProject
Project("{9A19103F-16F7-4668-BE54-9A1E7A4F7556}") = "RabbitMqWorkerProducer", "Worker\Producer\RabbitMqWorkerProducer.csproj", "{B5B82A71-416E-4C00-877D-8B4D855A9EB2}"
EndProject
Global
	GlobalSection(SolutionConfigurationPlatforms) = preSolution
		Debug|Any CPU = Debug|Any CPU
		Release|Any CPU = Release|Any CPU
	EndGlobalSection
	GlobalSection(ProjectConfigurationPlatforms) = postSolution
		{7EEBD5FC-20F7-4F8C-BA77-E89AE6C8571A}.Debug|Any CPU.ActiveCfg = Debug|Any CPU
		{7EEBD5FC-20F7-4F8C-BA77-E89AE6C8571A}.Debug|Any CPU.Build.0 = Debug|Any CPU
		{7EEBD5FC-20F7-4F8C-BA77-E89AE6C8571A}.Release|Any CPU.ActiveCfg = Release|Any CPU
		{7EEBD5FC-20F7-4F8C-BA77-E89AE6C8571A}.Release|Any CPU.Build.0 = Release|Any CPU
		{B5B82A71-416E-4C00-877D-8B4D855A9EB2}.Debug|Any CPU.ActiveCfg = Debug|Any CPU
		{B5B82A71-416E-4C00-877D-8B4D855A9EB2}.Debug|Any CPU.Build.0 = Debug|Any CPU
		{B5B82A71-416E-4C00-877D-8B4D855A9EB2}.Release|Any CPU.ActiveCfg = Release|Any CPU
		{B5B82A71-416E-4C00-877D-8B4D855A9EB2}.Release|Any CPU.Build.0 = Release|Any CPU
	EndGlobalSection
	GlobalSection(SolutionProperties) = preSolution
		HideSolutionNode = FALSE
	EndGlobalSection
	GlobalSection(NestedProjects) = preSolution
		{7EEBD5FC-20F7-4F8C-BA77-E89AE6C8571A} = {5D2278BE-6E85-4008-8DAA-83446C3A7659}
		{B5B82A71-416E-4C00-877D-8B4D855A9EB2} = {5D2278BE-6E85-4008-8DAA-83446C3A7659}
	EndGlobalSection
	GlobalSection(ExtensibilityGlobals) = postSolution
		SolutionGuid = {73CA29D7-AA33-49C6-9CEB-43B35D9FB853}
	EndGlobalSection
EndGlobal
