
Microsoft Visual Studio Solution File, Format Version 12.00
# Visual Studio Version 16
VisualStudioVersion = 16.0.32002.261
MinimumVisualStudioVersion = 10.0.40219.1
Project("{2150E333-8FDC-42A3-9474-1A3956D46DE8}") = "Worker", "Worker", "{5D2278BE-6E85-4008-8DAA-83446C3A7659}"
EndProject
Project("{9A19103F-16F7-4668-BE54-9A1E7A4F7556}") = "RabbitMQWorkerConsumer", "Worker\Consumer\RabbitMQWorkerConsumer\RabbitMQWorkerConsumer.csproj", "{7EEBD5FC-20F7-4F8C-BA77-E89AE6C8571A}"
EndProject
Project("{9A19103F-16F7-4668-BE54-9A1E7A4F7556}") = "RabbitMqWorkerProducer", "Worker\Producer\RabbitMqWorkerProducer.csproj", "{B5B82A71-416E-4C00-877D-8B4D855A9EB2}"
EndProject
Project("{2150E333-8FDC-42A3-9474-1A3956D46DE8}") = "RoundRobinPattern", "RoundRobinPattern", "{63797997-3849-4F36-9F7E-EC6EBF5B1333}"
EndProject
Project("{FAE04EC0-301F-11D3-BF4B-00C04F79EFBC}") = "RoundRobinProducer", "RoundRobinPattern\RoundRobinProducer\RoundRobinProducer.csproj", "{1788DB25-5A79-4FBC-B007-6343E1DD9F10}"
EndProject
Project("{FAE04EC0-301F-11D3-BF4B-00C04F79EFBC}") = "RoundRobinConsumer", "RoundRobinPattern\RoundRobinConsumer\RoundRobinConsumer.csproj", "{5BB56C74-DB84-46A7-AFC1-47556DB195C0}"
EndProject
Project("{2150E333-8FDC-42A3-9474-1A3956D46DE8}") = "MultiplosWorkersChannels", "MultiplosWorkersChannels", "{8F414280-130D-44C6-9C4B-6B9570089F60}"
EndProject
Project("{FAE04EC0-301F-11D3-BF4B-00C04F79EFBC}") = "MultiplosWorkersChannelsProducer", "MultiplosWorkersChannels\MultiplosWorkersChannelsProducer\MultiplosWorkersChannelsProducer.csproj", "{98DB3FF1-3086-400D-8B76-AFE95C2AE068}"
EndProject
Project("{FAE04EC0-301F-11D3-BF4B-00C04F79EFBC}") = "MultiplosWorkersChannelsConsumer", "MultiplosWorkersChannels\MultiplosWorkersChannelsConsumer\MultiplosWorkersChannelsConsumer.csproj", "{0AFC7DA7-F947-4FFD-A641-1AA1521A018A}"
EndProject
Project("{2150E333-8FDC-42A3-9474-1A3956D46DE8}") = "AckNackAutoAck", "AckNackAutoAck", "{D573C6A9-9C14-4FA4-A3B8-D2412D33C91A}"
EndProject
Project("{FAE04EC0-301F-11D3-BF4B-00C04F79EFBC}") = "AckNackAutoAckProducer", "AckNackAutoAck\AckNackAutoAckProducer\AckNackAutoAckProducer.csproj", "{BCCE9BC8-5459-404A-819D-A3E5EE1A82B1}"
EndProject
Project("{FAE04EC0-301F-11D3-BF4B-00C04F79EFBC}") = "AckNackAutoAckConsumer", "AckNackAutoAck\AckNackAutoAckConsumer\AckNackAutoAckConsumer.csproj", "{8F279623-1A38-4E8A-A9A1-B10B75EFD02B}"
EndProject
Project("{2150E333-8FDC-42A3-9474-1A3956D46DE8}") = "Prefetch", "Prefetch", "{8EA05176-2CEB-4843-9B2A-4C11FA7C48F9}"
EndProject
Project("{FAE04EC0-301F-11D3-BF4B-00C04F79EFBC}") = "PrefetchConsumer", "Prefetch\PrefetchConsumer\PrefetchConsumer.csproj", "{065DA7EF-AAFD-4810-8902-B1B998FCB58D}"
EndProject
Project("{2150E333-8FDC-42A3-9474-1A3956D46DE8}") = "Exchange", "Exchange", "{2692C1F4-1AA9-4B36-99DB-8AAD4071C444}"
EndProject
Project("{FAE04EC0-301F-11D3-BF4B-00C04F79EFBC}") = "FanoutProducer", "Exchange\Fanout\FanoutProducer\FanoutProducer.csproj", "{225A8AE5-A626-4767-8C5C-B5B9F69349FC}"
EndProject
Project("{FAE04EC0-301F-11D3-BF4B-00C04F79EFBC}") = "DirectProducer", "Exchange\DirectProducer\DirectProducer.csproj", "{2AD0BBB8-FC1A-4F14-9E44-0392CE0AE4FC}"
EndProject
Project("{2150E333-8FDC-42A3-9474-1A3956D46DE8}") = "DeadLetterStrategy", "DeadLetterStrategy", "{5ADAD9F1-8B07-4FFC-81EB-3A119CE7C92C}"
EndProject
Project("{FAE04EC0-301F-11D3-BF4B-00C04F79EFBC}") = "DeadLetterConsumer", "DeadLetterStrategy\DeadLetterConsumer\DeadLetterConsumer.csproj", "{F7CC8A0C-12F5-442C-ABA5-55EECD879212}"
EndProject
Project("{2150E333-8FDC-42A3-9474-1A3956D46DE8}") = "MessageTTLExpirationPattern", "MessageTTLExpirationPattern", "{62C85F68-2CC6-4A26-9556-D9CD94FB893A}"
EndProject
Project("{FAE04EC0-301F-11D3-BF4B-00C04F79EFBC}") = "MessageTTLExpirationConsumer", "MessageTTLExpirationPattern\MessageTTLExpirationConsumer\MessageTTLExpirationConsumer.csproj", "{AAA3A664-46B2-47C2-A27B-EA9650361A79}"
EndProject
Global
	GlobalSection(SolutionConfigurationPlatforms) = preSolution
		Debug|Any CPU = Debug|Any CPU
		Release|Any CPU = Release|Any CPU
	EndGlobalSection
	GlobalSection(ProjectConfigurationPlatforms) = postSolution
		{7EEBD5FC-20F7-4F8C-BA77-E89AE6C8571A}.Debug|Any CPU.ActiveCfg = Debug|Any CPU
		{7EEBD5FC-20F7-4F8C-BA77-E89AE6C8571A}.Debug|Any CPU.Build.0 = Debug|Any CPU
		{7EEBD5FC-20F7-4F8C-BA77-E89AE6C8571A}.Release|Any CPU.ActiveCfg = Release|Any CPU
		{7EEBD5FC-20F7-4F8C-BA77-E89AE6C8571A}.Release|Any CPU.Build.0 = Release|Any CPU
		{B5B82A71-416E-4C00-877D-8B4D855A9EB2}.Debug|Any CPU.ActiveCfg = Debug|Any CPU
		{B5B82A71-416E-4C00-877D-8B4D855A9EB2}.Debug|Any CPU.Build.0 = Debug|Any CPU
		{B5B82A71-416E-4C00-877D-8B4D855A9EB2}.Release|Any CPU.ActiveCfg = Release|Any CPU
		{B5B82A71-416E-4C00-877D-8B4D855A9EB2}.Release|Any CPU.Build.0 = Release|Any CPU
		{1788DB25-5A79-4FBC-B007-6343E1DD9F10}.Debug|Any CPU.ActiveCfg = Debug|Any CPU
		{1788DB25-5A79-4FBC-B007-6343E1DD9F10}.Debug|Any CPU.Build.0 = Debug|Any CPU
		{1788DB25-5A79-4FBC-B007-6343E1DD9F10}.Release|Any CPU.ActiveCfg = Release|Any CPU
		{1788DB25-5A79-4FBC-B007-6343E1DD9F10}.Release|Any CPU.Build.0 = Release|Any CPU
		{5BB56C74-DB84-46A7-AFC1-47556DB195C0}.Debug|Any CPU.ActiveCfg = Debug|Any CPU
		{5BB56C74-DB84-46A7-AFC1-47556DB195C0}.Debug|Any CPU.Build.0 = Debug|Any CPU
		{5BB56C74-DB84-46A7-AFC1-47556DB195C0}.Release|Any CPU.ActiveCfg = Release|Any CPU
		{5BB56C74-DB84-46A7-AFC1-47556DB195C0}.Release|Any CPU.Build.0 = Release|Any CPU
		{98DB3FF1-3086-400D-8B76-AFE95C2AE068}.Debug|Any CPU.ActiveCfg = Debug|Any CPU
		{98DB3FF1-3086-400D-8B76-AFE95C2AE068}.Debug|Any CPU.Build.0 = Debug|Any CPU
		{98DB3FF1-3086-400D-8B76-AFE95C2AE068}.Release|Any CPU.ActiveCfg = Release|Any CPU
		{98DB3FF1-3086-400D-8B76-AFE95C2AE068}.Release|Any CPU.Build.0 = Release|Any CPU
		{0AFC7DA7-F947-4FFD-A641-1AA1521A018A}.Debug|Any CPU.ActiveCfg = Debug|Any CPU
		{0AFC7DA7-F947-4FFD-A641-1AA1521A018A}.Debug|Any CPU.Build.0 = Debug|Any CPU
		{0AFC7DA7-F947-4FFD-A641-1AA1521A018A}.Release|Any CPU.ActiveCfg = Release|Any CPU
		{0AFC7DA7-F947-4FFD-A641-1AA1521A018A}.Release|Any CPU.Build.0 = Release|Any CPU
		{BCCE9BC8-5459-404A-819D-A3E5EE1A82B1}.Debug|Any CPU.ActiveCfg = Debug|Any CPU
		{BCCE9BC8-5459-404A-819D-A3E5EE1A82B1}.Debug|Any CPU.Build.0 = Debug|Any CPU
		{BCCE9BC8-5459-404A-819D-A3E5EE1A82B1}.Release|Any CPU.ActiveCfg = Release|Any CPU
		{BCCE9BC8-5459-404A-819D-A3E5EE1A82B1}.Release|Any CPU.Build.0 = Release|Any CPU
		{8F279623-1A38-4E8A-A9A1-B10B75EFD02B}.Debug|Any CPU.ActiveCfg = Debug|Any CPU
		{8F279623-1A38-4E8A-A9A1-B10B75EFD02B}.Debug|Any CPU.Build.0 = Debug|Any CPU
		{8F279623-1A38-4E8A-A9A1-B10B75EFD02B}.Release|Any CPU.ActiveCfg = Release|Any CPU
		{8F279623-1A38-4E8A-A9A1-B10B75EFD02B}.Release|Any CPU.Build.0 = Release|Any CPU
		{065DA7EF-AAFD-4810-8902-B1B998FCB58D}.Debug|Any CPU.ActiveCfg = Debug|Any CPU
		{065DA7EF-AAFD-4810-8902-B1B998FCB58D}.Debug|Any CPU.Build.0 = Debug|Any CPU
		{065DA7EF-AAFD-4810-8902-B1B998FCB58D}.Release|Any CPU.ActiveCfg = Release|Any CPU
		{065DA7EF-AAFD-4810-8902-B1B998FCB58D}.Release|Any CPU.Build.0 = Release|Any CPU
		{225A8AE5-A626-4767-8C5C-B5B9F69349FC}.Debug|Any CPU.ActiveCfg = Debug|Any CPU
		{225A8AE5-A626-4767-8C5C-B5B9F69349FC}.Debug|Any CPU.Build.0 = Debug|Any CPU
		{225A8AE5-A626-4767-8C5C-B5B9F69349FC}.Release|Any CPU.ActiveCfg = Release|Any CPU
		{225A8AE5-A626-4767-8C5C-B5B9F69349FC}.Release|Any CPU.Build.0 = Release|Any CPU
		{2AD0BBB8-FC1A-4F14-9E44-0392CE0AE4FC}.Debug|Any CPU.ActiveCfg = Debug|Any CPU
		{2AD0BBB8-FC1A-4F14-9E44-0392CE0AE4FC}.Debug|Any CPU.Build.0 = Debug|Any CPU
		{2AD0BBB8-FC1A-4F14-9E44-0392CE0AE4FC}.Release|Any CPU.ActiveCfg = Release|Any CPU
		{2AD0BBB8-FC1A-4F14-9E44-0392CE0AE4FC}.Release|Any CPU.Build.0 = Release|Any CPU
		{F7CC8A0C-12F5-442C-ABA5-55EECD879212}.Debug|Any CPU.ActiveCfg = Debug|Any CPU
		{F7CC8A0C-12F5-442C-ABA5-55EECD879212}.Debug|Any CPU.Build.0 = Debug|Any CPU
		{F7CC8A0C-12F5-442C-ABA5-55EECD879212}.Release|Any CPU.ActiveCfg = Release|Any CPU
		{F7CC8A0C-12F5-442C-ABA5-55EECD879212}.Release|Any CPU.Build.0 = Release|Any CPU
		{AAA3A664-46B2-47C2-A27B-EA9650361A79}.Debug|Any CPU.ActiveCfg = Debug|Any CPU
		{AAA3A664-46B2-47C2-A27B-EA9650361A79}.Debug|Any CPU.Build.0 = Debug|Any CPU
		{AAA3A664-46B2-47C2-A27B-EA9650361A79}.Release|Any CPU.ActiveCfg = Release|Any CPU
		{AAA3A664-46B2-47C2-A27B-EA9650361A79}.Release|Any CPU.Build.0 = Release|Any CPU
	EndGlobalSection
	GlobalSection(SolutionProperties) = preSolution
		HideSolutionNode = FALSE
	EndGlobalSection
	GlobalSection(NestedProjects) = preSolution
		{7EEBD5FC-20F7-4F8C-BA77-E89AE6C8571A} = {5D2278BE-6E85-4008-8DAA-83446C3A7659}
		{B5B82A71-416E-4C00-877D-8B4D855A9EB2} = {5D2278BE-6E85-4008-8DAA-83446C3A7659}
		{1788DB25-5A79-4FBC-B007-6343E1DD9F10} = {63797997-3849-4F36-9F7E-EC6EBF5B1333}
		{5BB56C74-DB84-46A7-AFC1-47556DB195C0} = {63797997-3849-4F36-9F7E-EC6EBF5B1333}
		{98DB3FF1-3086-400D-8B76-AFE95C2AE068} = {8F414280-130D-44C6-9C4B-6B9570089F60}
		{0AFC7DA7-F947-4FFD-A641-1AA1521A018A} = {8F414280-130D-44C6-9C4B-6B9570089F60}
		{BCCE9BC8-5459-404A-819D-A3E5EE1A82B1} = {D573C6A9-9C14-4FA4-A3B8-D2412D33C91A}
		{8F279623-1A38-4E8A-A9A1-B10B75EFD02B} = {D573C6A9-9C14-4FA4-A3B8-D2412D33C91A}
		{065DA7EF-AAFD-4810-8902-B1B998FCB58D} = {8EA05176-2CEB-4843-9B2A-4C11FA7C48F9}
		{225A8AE5-A626-4767-8C5C-B5B9F69349FC} = {2692C1F4-1AA9-4B36-99DB-8AAD4071C444}
		{2AD0BBB8-FC1A-4F14-9E44-0392CE0AE4FC} = {2692C1F4-1AA9-4B36-99DB-8AAD4071C444}
		{F7CC8A0C-12F5-442C-ABA5-55EECD879212} = {5ADAD9F1-8B07-4FFC-81EB-3A119CE7C92C}
		{AAA3A664-46B2-47C2-A27B-EA9650361A79} = {62C85F68-2CC6-4A26-9556-D9CD94FB893A}
	EndGlobalSection
	GlobalSection(ExtensibilityGlobals) = postSolution
		SolutionGuid = {73CA29D7-AA33-49C6-9CEB-43B35D9FB853}
	EndGlobalSection
EndGlobal
